PODS:
  - Socket.IO-Client-Swift (16.0.0-beta2):
    - Starscream (~> 4.0)
  - Starscream (4.0.4)

DEPENDENCIES:
  - Socket.IO-Client-Swift (= 16.0.0-beta2)

SPEC REPOS:
  trunk:
    - Socket.IO-Client-Swift
    - Starscream

SPEC CHECKSUMS:
  Socket.IO-Client-Swift: fb99f6e661bb5d7c0b179be135b8d7369a13766c
  Starscream: 5178aed56b316f13fa3bc55694e583d35dd414d9

PODFILE CHECKSUM: 0259a071136efd4acb04cbe82f40a2aae4f6e879

COCOAPODS: 1.10.0
